
Microsoft Visual Studio Solution File, Format Version 12.00
# Visual Studio Version 17
VisualStudioVersion = 17.10.35122.118
MinimumVisualStudioVersion = 10.0.40219.1
Project("{FAE04EC0-301F-11D3-BF4B-00C04F79EFBC}") = "FMS_Collection.Core", "FMS_Collection.Core\FMS_Collection.Core.csproj", "{9EBCBD30-F35E-48B8-AEDC-66FD393D58E8}"
EndProject
Project("{FAE04EC0-301F-11D3-BF4B-00C04F79EFBC}") = "FMS_Collection.Application", "FMS_Collection.Application\FMS_Collection.Application.csproj", "{E0ADAA1D-C257-4E83-AEC2-D19BB063FFC6}"
EndProject
Project("{FAE04EC0-301F-11D3-BF4B-00C04F79EFBC}") = "FMS_Collection.Infrastructure", "FMS_Collection.Infrastructure\FMS_Collection.Infrastructure.csproj", "{28EDFE39-92A1-4FD3-A039-3CA6DF07B5BD}"
EndProject
Project("{FAE04EC0-301F-11D3-BF4B-00C04F79EFBC}") = "FMS_Collection.API", "FMS_Collection.API\FMS_Collection.API.csproj", "{89A884ED-A4CB-452D-9B4C-45F65C54D68F}"
EndProject
Project("{FAE04EC0-301F-11D3-BF4B-00C04F79EFBC}") = "FMS_Collection.Web", "FMS_Collection.Web\FMS_Collection.Web.csproj", "{E3027B39-6E28-4BD8-B790-193E97101A9A}"
EndProject
Global
	GlobalSection(SolutionConfigurationPlatforms) = preSolution
		Debug|Any CPU = Debug|Any CPU
		Release|Any CPU = Release|Any CPU
	EndGlobalSection
	GlobalSection(ProjectConfigurationPlatforms) = postSolution
		{9EBCBD30-F35E-48B8-AEDC-66FD393D58E8}.Debug|Any CPU.ActiveCfg = Debug|Any CPU
		{9EBCBD30-F35E-48B8-AEDC-66FD393D58E8}.Debug|Any CPU.Build.0 = Debug|Any CPU
		{9EBCBD30-F35E-48B8-AEDC-66FD393D58E8}.Release|Any CPU.ActiveCfg = Release|Any CPU
		{9EBCBD30-F35E-48B8-AEDC-66FD393D58E8}.Release|Any CPU.Build.0 = Release|Any CPU
		{E0ADAA1D-C257-4E83-AEC2-D19BB063FFC6}.Debug|Any CPU.ActiveCfg = Debug|Any CPU
		{E0ADAA1D-C257-4E83-AEC2-D19BB063FFC6}.Debug|Any CPU.Build.0 = Debug|Any CPU
		{E0ADAA1D-C257-4E83-AEC2-D19BB063FFC6}.Release|Any CPU.ActiveCfg = Release|Any CPU
		{E0ADAA1D-C257-4E83-AEC2-D19BB063FFC6}.Release|Any CPU.Build.0 = Release|Any CPU
		{28EDFE39-92A1-4FD3-A039-3CA6DF07B5BD}.Debug|Any CPU.ActiveCfg = Debug|Any CPU
		{28EDFE39-92A1-4FD3-A039-3CA6DF07B5BD}.Debug|Any CPU.Build.0 = Debug|Any CPU
		{28EDFE39-92A1-4FD3-A039-3CA6DF07B5BD}.Release|Any CPU.ActiveCfg = Release|Any CPU
		{28EDFE39-92A1-4FD3-A039-3CA6DF07B5BD}.Release|Any CPU.Build.0 = Release|Any CPU
		{89A884ED-A4CB-452D-9B4C-45F65C54D68F}.Debug|Any CPU.ActiveCfg = Debug|Any CPU
		{89A884ED-A4CB-452D-9B4C-45F65C54D68F}.Debug|Any CPU.Build.0 = Debug|Any CPU
		{89A884ED-A4CB-452D-9B4C-45F65C54D68F}.Release|Any CPU.ActiveCfg = Release|Any CPU
		{89A884ED-A4CB-452D-9B4C-45F65C54D68F}.Release|Any CPU.Build.0 = Release|Any CPU
		{E3027B39-6E28-4BD8-B790-193E97101A9A}.Debug|Any CPU.ActiveCfg = Debug|Any CPU
		{E3027B39-6E28-4BD8-B790-193E97101A9A}.Debug|Any CPU.Build.0 = Debug|Any CPU
		{E3027B39-6E28-4BD8-B790-193E97101A9A}.Release|Any CPU.ActiveCfg = Release|Any CPU
		{E3027B39-6E28-4BD8-B790-193E97101A9A}.Release|Any CPU.Build.0 = Release|Any CPU
	EndGlobalSection
	GlobalSection(SolutionProperties) = preSolution
		HideSolutionNode = FALSE
	EndGlobalSection
	GlobalSection(ExtensibilityGlobals) = postSolution
		SolutionGuid = {0F0FF616-84A8-403C-B215-ACC731036602}
	EndGlobalSection
EndGlobal
